// !$*UTF8*$!
{
	archiveVersion = 1;
	classes = {
	};
	objectVersion = 55;
	objects = {

/* Begin PBXBuildFile section */
		6E7BAB0D27DA1FF4002AC206 /* AppDelegate.swift in Sources */ = {isa = PBXBuildFile; fileRef = 6E7BAB0C27DA1FF4002AC206 /* AppDelegate.swift */; };
		6E7BAB0F27DA1FF4002AC206 /* SceneDelegate.swift in Sources */ = {isa = PBXBuildFile; fileRef = 6E7BAB0E27DA1FF4002AC206 /* SceneDelegate.swift */; };
		6E7BAB1127DA1FF4002AC206 /* HomeViewController.swift in Sources */ = {isa = PBXBuildFile; fileRef = 6E7BAB1027DA1FF4002AC206 /* HomeViewController.swift */; };
		6E7BAB1427DA1FF4002AC206 /* Main.storyboard in Resources */ = {isa = PBXBuildFile; fileRef = 6E7BAB1227DA1FF4002AC206 /* Main.storyboard */; };
		6E7BAB1627DA1FF6002AC206 /* Assets.xcassets in Resources */ = {isa = PBXBuildFile; fileRef = 6E7BAB1527DA1FF6002AC206 /* Assets.xcassets */; };
		6E7BAB1927DA1FF6002AC206 /* LaunchScreen.storyboard in Resources */ = {isa = PBXBuildFile; fileRef = 6E7BAB1727DA1FF6002AC206 /* LaunchScreen.storyboard */; };
		6E7BAB2127DA2279002AC206 /* APIHelper.swift in Sources */ = {isa = PBXBuildFile; fileRef = 6E7BAB2027DA2279002AC206 /* APIHelper.swift */; };
		6E7BAB2327DA6779002AC206 /* WatchListViewController.swift in Sources */ = {isa = PBXBuildFile; fileRef = 6E7BAB2227DA6779002AC206 /* WatchListViewController.swift */; };
		6E7BAB2527DA6788002AC206 /* ProfileViewController.swift in Sources */ = {isa = PBXBuildFile; fileRef = 6E7BAB2427DA6788002AC206 /* ProfileViewController.swift */; };
		6E7BAB2A27DA92B9002AC206 /* MovieCollectionViewCell.swift in Sources */ = {isa = PBXBuildFile; fileRef = 6E7BAB2827DA92B9002AC206 /* MovieCollectionViewCell.swift */; };
		6E7BAB2B27DA92B9002AC206 /* MovieCollectionViewCell.xib in Resources */ = {isa = PBXBuildFile; fileRef = 6E7BAB2927DA92B9002AC206 /* MovieCollectionViewCell.xib */; };
		6E7BAB2E27DA9477002AC206 /* Constants.swift in Sources */ = {isa = PBXBuildFile; fileRef = 6E7BAB2D27DA9477002AC206 /* Constants.swift */; };
		6EADCE0627EA5D5B00D1D2F8 /* MovieReviews.xcdatamodeld in Sources */ = {isa = PBXBuildFile; fileRef = 6EADCE0427EA5D5B00D1D2F8 /* MovieReviews.xcdatamodeld */; };
		6EBD276827DF7FEB0035D0AF /* MovieList.swift in Sources */ = {isa = PBXBuildFile; fileRef = 6EBD276727DF7FEB0035D0AF /* MovieList.swift */; };
		6EBD276A27DF9C550035D0AF /* ImageAPI.swift in Sources */ = {isa = PBXBuildFile; fileRef = 6EBD276927DF9C550035D0AF /* ImageAPI.swift */; };
		6EBD276C27DFBB960035D0AF /* MovieDetailViewController.swift in Sources */ = {isa = PBXBuildFile; fileRef = 6EBD276B27DFBB960035D0AF /* MovieDetailViewController.swift */; };
		6EBD276F27DFD94A0035D0AF /* MovieDetailTableViewCell.swift in Sources */ = {isa = PBXBuildFile; fileRef = 6EBD276D27DFD94A0035D0AF /* MovieDetailTableViewCell.swift */; };
		6EBD277027DFD94A0035D0AF /* MovieDetailTableViewCell.xib in Resources */ = {isa = PBXBuildFile; fileRef = 6EBD276E27DFD94A0035D0AF /* MovieDetailTableViewCell.xib */; };
		6EBD277327DFD9680035D0AF /* MovieCastTableViewCell.swift in Sources */ = {isa = PBXBuildFile; fileRef = 6EBD277127DFD9680035D0AF /* MovieCastTableViewCell.swift */; };
		6EBD277427DFD9680035D0AF /* MovieCastTableViewCell.xib in Resources */ = {isa = PBXBuildFile; fileRef = 6EBD277227DFD9680035D0AF /* MovieCastTableViewCell.xib */; };
		6EBD277727E01E070035D0AF /* MovieHeaderTableViewCell.swift in Sources */ = {isa = PBXBuildFile; fileRef = 6EBD277527E01E070035D0AF /* MovieHeaderTableViewCell.swift */; };
		6EBD277827E01E070035D0AF /* MovieHeaderTableViewCell.xib in Resources */ = {isa = PBXBuildFile; fileRef = 6EBD277627E01E070035D0AF /* MovieHeaderTableViewCell.xib */; };
		6EBD277A27E02C920035D0AF /* CastList.swift in Sources */ = {isa = PBXBuildFile; fileRef = 6EBD277927E02C920035D0AF /* CastList.swift */; };
/* End PBXBuildFile section */

/* Begin PBXFileReference section */
		6E7BAB0927DA1FF4002AC206 /* MovieReviews.app */ = {isa = PBXFileReference; explicitFileType = wrapper.application; includeInIndex = 0; path = MovieReviews.app; sourceTree = BUILT_PRODUCTS_DIR; };
		6E7BAB0C27DA1FF4002AC206 /* AppDelegate.swift */ = {isa = PBXFileReference; lastKnownFileType = sourcecode.swift; path = AppDelegate.swift; sourceTree = "<group>"; };
		6E7BAB0E27DA1FF4002AC206 /* SceneDelegate.swift */ = {isa = PBXFileReference; lastKnownFileType = sourcecode.swift; path = SceneDelegate.swift; sourceTree = "<group>"; };
		6E7BAB1027DA1FF4002AC206 /* HomeViewController.swift */ = {isa = PBXFileReference; lastKnownFileType = sourcecode.swift; path = HomeViewController.swift; sourceTree = "<group>"; };
		6E7BAB1327DA1FF4002AC206 /* Base */ = {isa = PBXFileReference; lastKnownFileType = file.storyboard; name = Base; path = Base.lproj/Main.storyboard; sourceTree = "<group>"; };
		6E7BAB1527DA1FF6002AC206 /* Assets.xcassets */ = {isa = PBXFileReference; lastKnownFileType = folder.assetcatalog; path = Assets.xcassets; sourceTree = "<group>"; };
		6E7BAB1827DA1FF6002AC206 /* Base */ = {isa = PBXFileReference; lastKnownFileType = file.storyboard; name = Base; path = Base.lproj/LaunchScreen.storyboard; sourceTree = "<group>"; };
		6E7BAB1A27DA1FF6002AC206 /* Info.plist */ = {isa = PBXFileReference; lastKnownFileType = text.plist.xml; path = Info.plist; sourceTree = "<group>"; };
		6E7BAB2027DA2279002AC206 /* APIHelper.swift */ = {isa = PBXFileReference; lastKnownFileType = sourcecode.swift; path = APIHelper.swift; sourceTree = "<group>"; };
		6E7BAB2227DA6779002AC206 /* WatchListViewController.swift */ = {isa = PBXFileReference; lastKnownFileType = sourcecode.swift; path = WatchListViewController.swift; sourceTree = "<group>"; };
		6E7BAB2427DA6788002AC206 /* ProfileViewController.swift */ = {isa = PBXFileReference; lastKnownFileType = sourcecode.swift; path = ProfileViewController.swift; sourceTree = "<group>"; };
		6E7BAB2827DA92B9002AC206 /* MovieCollectionViewCell.swift */ = {isa = PBXFileReference; lastKnownFileType = sourcecode.swift; path = MovieCollectionViewCell.swift; sourceTree = "<group>"; };
		6E7BAB2927DA92B9002AC206 /* MovieCollectionViewCell.xib */ = {isa = PBXFileReference; lastKnownFileType = file.xib; path = MovieCollectionViewCell.xib; sourceTree = "<group>"; };
		6E7BAB2D27DA9477002AC206 /* Constants.swift */ = {isa = PBXFileReference; lastKnownFileType = sourcecode.swift; path = Constants.swift; sourceTree = "<group>"; };
		6EADCE0527EA5D5B00D1D2F8 /* MovieReviews.xcdatamodel */ = {isa = PBXFileReference; lastKnownFileType = wrapper.xcdatamodel; path = MovieReviews.xcdatamodel; sourceTree = "<group>"; };
		6EBD276727DF7FEB0035D0AF /* MovieList.swift */ = {isa = PBXFileReference; lastKnownFileType = sourcecode.swift; path = MovieList.swift; sourceTree = "<group>"; };
		6EBD276927DF9C550035D0AF /* ImageAPI.swift */ = {isa = PBXFileReference; lastKnownFileType = sourcecode.swift; path = ImageAPI.swift; sourceTree = "<group>"; };
		6EBD276B27DFBB960035D0AF /* MovieDetailViewController.swift */ = {isa = PBXFileReference; lastKnownFileType = sourcecode.swift; path = MovieDetailViewController.swift; sourceTree = "<group>"; };
		6EBD276D27DFD94A0035D0AF /* MovieDetailTableViewCell.swift */ = {isa = PBXFileReference; lastKnownFileType = sourcecode.swift; path = MovieDetailTableViewCell.swift; sourceTree = "<group>"; };
		6EBD276E27DFD94A0035D0AF /* MovieDetailTableViewCell.xib */ = {isa = PBXFileReference; lastKnownFileType = file.xib; path = MovieDetailTableViewCell.xib; sourceTree = "<group>"; };
		6EBD277127DFD9680035D0AF /* MovieCastTableViewCell.swift */ = {isa = PBXFileReference; lastKnownFileType = sourcecode.swift; path = MovieCastTableViewCell.swift; sourceTree = "<group>"; };
		6EBD277227DFD9680035D0AF /* MovieCastTableViewCell.xib */ = {isa = PBXFileReference; lastKnownFileType = file.xib; path = MovieCastTableViewCell.xib; sourceTree = "<group>"; };
		6EBD277527E01E070035D0AF /* MovieHeaderTableViewCell.swift */ = {isa = PBXFileReference; lastKnownFileType = sourcecode.swift; path = MovieHeaderTableViewCell.swift; sourceTree = "<group>"; };
		6EBD277627E01E070035D0AF /* MovieHeaderTableViewCell.xib */ = {isa = PBXFileReference; lastKnownFileType = file.xib; path = MovieHeaderTableViewCell.xib; sourceTree = "<group>"; };
		6EBD277927E02C920035D0AF /* CastList.swift */ = {isa = PBXFileReference; lastKnownFileType = sourcecode.swift; path = CastList.swift; sourceTree = "<group>"; };
/* End PBXFileReference section */

/* Begin PBXFrameworksBuildPhase section */
		6E7BAB0627DA1FF4002AC206 /* Frameworks */ = {
			isa = PBXFrameworksBuildPhase;
			buildActionMask = 2147483647;
			files = (
			);
			runOnlyForDeploymentPostprocessing = 0;
		};
/* End PBXFrameworksBuildPhase section */

/* Begin PBXGroup section */
		6E7BAB0027DA1FF4002AC206 = {
			isa = PBXGroup;
			children = (
				6E7BAB0B27DA1FF4002AC206 /* MovieReviews */,
				6E7BAB0A27DA1FF4002AC206 /* Products */,
			);
			sourceTree = "<group>";
		};
		6E7BAB0A27DA1FF4002AC206 /* Products */ = {
			isa = PBXGroup;
			children = (
				6E7BAB0927DA1FF4002AC206 /* MovieReviews.app */,
			);
			name = Products;
			sourceTree = "<group>";
		};
		6E7BAB0B27DA1FF4002AC206 /* MovieReviews */ = {
			isa = PBXGroup;
			children = (
				6E7BAB2C27DA946B002AC206 /* Helper */,
				6E7BAB2727DA9278002AC206 /* Views */,
				6E7BAB2627DA6791002AC206 /* ViewControllers */,
				6E7BAB0C27DA1FF4002AC206 /* AppDelegate.swift */,
				6E7BAB0E27DA1FF4002AC206 /* SceneDelegate.swift */,
				6E7BAB1227DA1FF4002AC206 /* Main.storyboard */,
				6E7BAB1527DA1FF6002AC206 /* Assets.xcassets */,
				6E7BAB1727DA1FF6002AC206 /* LaunchScreen.storyboard */,
				6E7BAB1A27DA1FF6002AC206 /* Info.plist */,
				6EBD276727DF7FEB0035D0AF /* MovieList.swift */,
				6EBD277927E02C920035D0AF /* CastList.swift */,
				6EADCE0427EA5D5B00D1D2F8 /* MovieReviews.xcdatamodeld */,
			);
			path = MovieReviews;
			sourceTree = "<group>";
		};
		6E7BAB2627DA6791002AC206 /* ViewControllers */ = {
			isa = PBXGroup;
			children = (
				6E7BAB1027DA1FF4002AC206 /* HomeViewController.swift */,
				6E7BAB2227DA6779002AC206 /* WatchListViewController.swift */,
				6E7BAB2427DA6788002AC206 /* ProfileViewController.swift */,
				6EBD276B27DFBB960035D0AF /* MovieDetailViewController.swift */,
			);
			path = ViewControllers;
			sourceTree = "<group>";
		};
		6E7BAB2727DA9278002AC206 /* Views */ = {
			isa = PBXGroup;
			children = (
				6E7BAB2827DA92B9002AC206 /* MovieCollectionViewCell.swift */,
				6E7BAB2927DA92B9002AC206 /* MovieCollectionViewCell.xib */,
				6EBD276D27DFD94A0035D0AF /* MovieDetailTableViewCell.swift */,
				6EBD276E27DFD94A0035D0AF /* MovieDetailTableViewCell.xib */,
				6EBD277127DFD9680035D0AF /* MovieCastTableViewCell.swift */,
				6EBD277227DFD9680035D0AF /* MovieCastTableViewCell.xib */,
				6EBD277527E01E070035D0AF /* MovieHeaderTableViewCell.swift */,
				6EBD277627E01E070035D0AF /* MovieHeaderTableViewCell.xib */,
			);
			path = Views;
			sourceTree = "<group>";
		};
		6E7BAB2C27DA946B002AC206 /* Helper */ = {
			isa = PBXGroup;
			children = (
				6E7BAB2D27DA9477002AC206 /* Constants.swift */,
				6E7BAB2027DA2279002AC206 /* APIHelper.swift */,
				6EBD276927DF9C550035D0AF /* ImageAPI.swift */,
			);
			path = Helper;
			sourceTree = "<group>";
		};
/* End PBXGroup section */

/* Begin PBXNativeTarget section */
		6E7BAB0827DA1FF4002AC206 /* MovieReviews */ = {
			isa = PBXNativeTarget;
			buildConfigurationList = 6E7BAB1D27DA1FF6002AC206 /* Build configuration list for PBXNativeTarget "MovieReviews" */;
			buildPhases = (
				6E7BAB0527DA1FF4002AC206 /* Sources */,
				6E7BAB0627DA1FF4002AC206 /* Frameworks */,
				6E7BAB0727DA1FF4002AC206 /* Resources */,
			);
			buildRules = (
			);
			dependencies = (
			);
			name = MovieReviews;
			productName = MovieReviews;
			productReference = 6E7BAB0927DA1FF4002AC206 /* MovieReviews.app */;
			productType = "com.apple.product-type.application";
		};
/* End PBXNativeTarget section */

/* Begin PBXProject section */
		6E7BAB0127DA1FF4002AC206 /* Project object */ = {
			isa = PBXProject;
			attributes = {
				BuildIndependentTargetsInParallel = 1;
				LastSwiftUpdateCheck = 1320;
				LastUpgradeCheck = 1320;
				TargetAttributes = {
					6E7BAB0827DA1FF4002AC206 = {
						CreatedOnToolsVersion = 13.2.1;
					};
				};
			};
			buildConfigurationList = 6E7BAB0427DA1FF4002AC206 /* Build configuration list for PBXProject "MovieReviews" */;
			compatibilityVersion = "Xcode 13.0";
			developmentRegion = en;
			hasScannedForEncodings = 0;
			knownRegions = (
				en,
				Base,
			);
			mainGroup = 6E7BAB0027DA1FF4002AC206;
			productRefGroup = 6E7BAB0A27DA1FF4002AC206 /* Products */;
			projectDirPath = "";
			projectRoot = "";
			targets = (
				6E7BAB0827DA1FF4002AC206 /* MovieReviews */,
			);
		};
/* End PBXProject section */

/* Begin PBXResourcesBuildPhase section */
		6E7BAB0727DA1FF4002AC206 /* Resources */ = {
			isa = PBXResourcesBuildPhase;
			buildActionMask = 2147483647;
			files = (
				6EBD277827E01E070035D0AF /* MovieHeaderTableViewCell.xib in Resources */,
				6E7BAB1927DA1FF6002AC206 /* LaunchScreen.storyboard in Resources */,
				6EBD277427DFD9680035D0AF /* MovieCastTableViewCell.xib in Resources */,
				6E7BAB1627DA1FF6002AC206 /* Assets.xcassets in Resources */,
				6EBD277027DFD94A0035D0AF /* MovieDetailTableViewCell.xib in Resources */,
				6E7BAB1427DA1FF4002AC206 /* Main.storyboard in Resources */,
				6E7BAB2B27DA92B9002AC206 /* MovieCollectionViewCell.xib in Resources */,
			);
			runOnlyForDeploymentPostprocessing = 0;
		};
/* End PBXResourcesBuildPhase section */

/* Begin PBXSourcesBuildPhase section */
		6E7BAB0527DA1FF4002AC206 /* Sources */ = {
			isa = PBXSourcesBuildPhase;
			buildActionMask = 2147483647;
			files = (
				6E7BAB2527DA6788002AC206 /* ProfileViewController.swift in Sources */,
				6EBD277727E01E070035D0AF /* MovieHeaderTableViewCell.swift in Sources */,
				6E7BAB2127DA2279002AC206 /* APIHelper.swift in Sources */,
				6EBD276827DF7FEB0035D0AF /* MovieList.swift in Sources */,
				6E7BAB1127DA1FF4002AC206 /* HomeViewController.swift in Sources */,
				6E7BAB0D27DA1FF4002AC206 /* AppDelegate.swift in Sources */,
				6EADCE0627EA5D5B00D1D2F8 /* MovieReviews.xcdatamodeld in Sources */,
				6EBD277A27E02C920035D0AF /* CastList.swift in Sources */,
				6E7BAB2A27DA92B9002AC206 /* MovieCollectionViewCell.swift in Sources */,
				6EBD276F27DFD94A0035D0AF /* MovieDetailTableViewCell.swift in Sources */,
				6E7BAB2327DA6779002AC206 /* WatchListViewController.swift in Sources */,
				6E7BAB0F27DA1FF4002AC206 /* SceneDelegate.swift in Sources */,
				6EBD276A27DF9C550035D0AF /* ImageAPI.swift in Sources */,
				6EBD276C27DFBB960035D0AF /* MovieDetailViewController.swift in Sources */,
				6EBD277327DFD9680035D0AF /* MovieCastTableViewCell.swift in Sources */,
				6E7BAB2E27DA9477002AC206 /* Constants.swift in Sources */,
			);
			runOnlyForDeploymentPostprocessing = 0;
		};
/* End PBXSourcesBuildPhase section */

/* Begin PBXVariantGroup section */
		6E7BAB1227DA1FF4002AC206 /* Main.storyboard */ = {
			isa = PBXVariantGroup;
			children = (
				6E7BAB1327DA1FF4002AC206 /* Base */,
			);
			name = Main.storyboard;
			sourceTree = "<group>";
		};
		6E7BAB1727DA1FF6002AC206 /* LaunchScreen.storyboard */ = {
			isa = PBXVariantGroup;
			children = (
				6E7BAB1827DA1FF6002AC206 /* Base */,
			);
			name = LaunchScreen.storyboard;
			sourceTree = "<group>";
		};
/* End PBXVariantGroup section */

/* Begin XCBuildConfiguration section */
		6E7BAB1B27DA1FF6002AC206 /* Debug */ = {
			isa = XCBuildConfiguration;
			buildSettings = {
				ALWAYS_SEARCH_USER_PATHS = NO;
				CLANG_ANALYZER_NONNULL = YES;
				CLANG_ANALYZER_NUMBER_OBJECT_CONVERSION = YES_AGGRESSIVE;
				CLANG_CXX_LANGUAGE_STANDARD = "gnu++17";
				CLANG_CXX_LIBRARY = "libc++";
				CLANG_ENABLE_MODULES = YES;
				CLANG_ENABLE_OBJC_ARC = YES;
				CLANG_ENABLE_OBJC_WEAK = YES;
				CLANG_WARN_BLOCK_CAPTURE_AUTORELEASING = YES;
				CLANG_WARN_BOOL_CONVERSION = YES;
				CLANG_WARN_COMMA = YES;
				CLANG_WARN_CONSTANT_CONVERSION = YES;
				CLANG_WARN_DEPRECATED_OBJC_IMPLEMENTATIONS = YES;
				CLANG_WARN_DIRECT_OBJC_ISA_USAGE = YES_ERROR;
				CLANG_WARN_DOCUMENTATION_COMMENTS = YES;
				CLANG_WARN_EMPTY_BODY = YES;
				CLANG_WARN_ENUM_CONVERSION = YES;
				CLANG_WARN_INFINITE_RECURSION = YES;
				CLANG_WARN_INT_CONVERSION = YES;
				CLANG_WARN_NON_LITERAL_NULL_CONVERSION = YES;
				CLANG_WARN_OBJC_IMPLICIT_RETAIN_SELF = YES;
				CLANG_WARN_OBJC_LITERAL_CONVERSION = YES;
				CLANG_WARN_OBJC_ROOT_CLASS = YES_ERROR;
				CLANG_WARN_QUOTED_INCLUDE_IN_FRAMEWORK_HEADER = YES;
				CLANG_WARN_RANGE_LOOP_ANALYSIS = YES;
				CLANG_WARN_STRICT_PROTOTYPES = YES;
				CLANG_WARN_SUSPICIOUS_MOVE = YES;
				CLANG_WARN_UNGUARDED_AVAILABILITY = YES_AGGRESSIVE;
				CLANG_WARN_UNREACHABLE_CODE = YES;
				CLANG_WARN__DUPLICATE_METHOD_MATCH = YES;
				COPY_PHASE_STRIP = NO;
				DEBUG_INFORMATION_FORMAT = dwarf;
				ENABLE_STRICT_OBJC_MSGSEND = YES;
				ENABLE_TESTABILITY = YES;
				GCC_C_LANGUAGE_STANDARD = gnu11;
				GCC_DYNAMIC_NO_PIC = NO;
				GCC_NO_COMMON_BLOCKS = YES;
				GCC_OPTIMIZATION_LEVEL = 0;
				GCC_PREPROCESSOR_DEFINITIONS = (
					"DEBUG=1",
					"$(inherited)",
				);
				GCC_WARN_64_TO_32_BIT_CONVERSION = YES;
				GCC_WARN_ABOUT_RETURN_TYPE = YES_ERROR;
				GCC_WARN_UNDECLARED_SELECTOR = YES;
				GCC_WARN_UNINITIALIZED_AUTOS = YES_AGGRESSIVE;
				GCC_WARN_UNUSED_FUNCTION = YES;
				GCC_WARN_UNUSED_VARIABLE = YES;
				IPHONEOS_DEPLOYMENT_TARGET = 15.2;
				MTL_ENABLE_DEBUG_INFO = INCLUDE_SOURCE;
				MTL_FAST_MATH = YES;
				ONLY_ACTIVE_ARCH = YES;
				SDKROOT = iphoneos;
				SWIFT_ACTIVE_COMPILATION_CONDITIONS = DEBUG;
				SWIFT_OPTIMIZATION_LEVEL = "-Onone";
			};
			name = Debug;
		};
		6E7BAB1C27DA1FF6002AC206 /* Release */ = {
			isa = XCBuildConfiguration;
			buildSettings = {
				ALWAYS_SEARCH_USER_PATHS = NO;
				CLANG_ANALYZER_NONNULL = YES;
				CLANG_ANALYZER_NUMBER_OBJECT_CONVERSION = YES_AGGRESSIVE;
				CLANG_CXX_LANGUAGE_STANDARD = "gnu++17";
				CLANG_CXX_LIBRARY = "libc++";
				CLANG_ENABLE_MODULES = YES;
				CLANG_ENABLE_OBJC_ARC = YES;
				CLANG_ENABLE_OBJC_WEAK = YES;
				CLANG_WARN_BLOCK_CAPTURE_AUTORELEASING = YES;
				CLANG_WARN_BOOL_CONVERSION = YES;
				CLANG_WARN_COMMA = YES;
				CLANG_WARN_CONSTANT_CONVERSION = YES;
				CLANG_WARN_DEPRECATED_OBJC_IMPLEMENTATIONS = YES;
				CLANG_WARN_DIRECT_OBJC_ISA_USAGE = YES_ERROR;
				CLANG_WARN_DOCUMENTATION_COMMENTS = YES;
				CLANG_WARN_EMPTY_BODY = YES;
				CLANG_WARN_ENUM_CONVERSION = YES;
				CLANG_WARN_INFINITE_RECURSION = YES;
				CLANG_WARN_INT_CONVERSION = YES;
				CLANG_WARN_NON_LITERAL_NULL_CONVERSION = YES;
				CLANG_WARN_OBJC_IMPLICIT_RETAIN_SELF = YES;
				CLANG_WARN_OBJC_LITERAL_CONVERSION = YES;
				CLANG_WARN_OBJC_ROOT_CLASS = YES_ERROR;
				CLANG_WARN_QUOTED_INCLUDE_IN_FRAMEWORK_HEADER = YES;
				CLANG_WARN_RANGE_LOOP_ANALYSIS = YES;
				CLANG_WARN_STRICT_PROTOTYPES = YES;
				CLANG_WARN_SUSPICIOUS_MOVE = YES;
				CLANG_WARN_UNGUARDED_AVAILABILITY = YES_AGGRESSIVE;
				CLANG_WARN_UNREACHABLE_CODE = YES;
				CLANG_WARN__DUPLICATE_METHOD_MATCH = YES;
				COPY_PHASE_STRIP = NO;
				DEBUG_INFORMATION_FORMAT = "dwarf-with-dsym";
				ENABLE_NS_ASSERTIONS = NO;
				ENABLE_STRICT_OBJC_MSGSEND = YES;
				GCC_C_LANGUAGE_STANDARD = gnu11;
				GCC_NO_COMMON_BLOCKS = YES;
				GCC_WARN_64_TO_32_BIT_CONVERSION = YES;
				GCC_WARN_ABOUT_RETURN_TYPE = YES_ERROR;
				GCC_WARN_UNDECLARED_SELECTOR = YES;
				GCC_WARN_UNINITIALIZED_AUTOS = YES_AGGRESSIVE;
				GCC_WARN_UNUSED_FUNCTION = YES;
				GCC_WARN_UNUSED_VARIABLE = YES;
				IPHONEOS_DEPLOYMENT_TARGET = 15.2;
				MTL_ENABLE_DEBUG_INFO = NO;
				MTL_FAST_MATH = YES;
				SDKROOT = iphoneos;
				SWIFT_COMPILATION_MODE = wholemodule;
				SWIFT_OPTIMIZATION_LEVEL = "-O";
				VALIDATE_PRODUCT = YES;
			};
			name = Release;
		};
		6E7BAB1E27DA1FF6002AC206 /* Debug */ = {
			isa = XCBuildConfiguration;
			buildSettings = {
				ASSETCATALOG_COMPILER_APPICON_NAME = AppIcon;
				ASSETCATALOG_COMPILER_GLOBAL_ACCENT_COLOR_NAME = AccentColor;
				CODE_SIGN_STYLE = Automatic;
				CURRENT_PROJECT_VERSION = 1;
				GENERATE_INFOPLIST_FILE = YES;
				INFOPLIST_FILE = MovieReviews/Info.plist;
				INFOPLIST_KEY_UIApplicationSupportsIndirectInputEvents = YES;
				INFOPLIST_KEY_UILaunchStoryboardName = LaunchScreen;
				INFOPLIST_KEY_UIMainStoryboardFile = Main;
				INFOPLIST_KEY_UISupportedInterfaceOrientations_iPad = "UIInterfaceOrientationPortrait UIInterfaceOrientationPortraitUpsideDown UIInterfaceOrientationLandscapeLeft UIInterfaceOrientationLandscapeRight";
				INFOPLIST_KEY_UISupportedInterfaceOrientations_iPhone = "UIInterfaceOrientationPortrait UIInterfaceOrientationLandscapeLeft UIInterfaceOrientationLandscapeRight";
				LD_RUNPATH_SEARCH_PATHS = (
					"$(inherited)",
					"@executable_path/Frameworks",
				);
				MARKETING_VERSION = 1.0;
				PRODUCT_BUNDLE_IDENTIFIER = com.rammelbalagtas.MovieReviews;
				PRODUCT_NAME = "$(TARGET_NAME)";
				SWIFT_EMIT_LOC_STRINGS = YES;
				SWIFT_VERSION = 5.0;
				TARGETED_DEVICE_FAMILY = "1,2";
			};
			name = Debug;
		};
		6E7BAB1F27DA1FF6002AC206 /* Release */ = {
			isa = XCBuildConfiguration;
			buildSettings = {
				ASSETCATALOG_COMPILER_APPICON_NAME = AppIcon;
				ASSETCATALOG_COMPILER_GLOBAL_ACCENT_COLOR_NAME = AccentColor;
				CODE_SIGN_STYLE = Automatic;
				CURRENT_PROJECT_VERSION = 1;
				GENERATE_INFOPLIST_FILE = YES;
				INFOPLIST_FILE = MovieReviews/Info.plist;
				INFOPLIST_KEY_UIApplicationSupportsIndirectInputEvents = YES;
				INFOPLIST_KEY_UILaunchStoryboardName = LaunchScreen;
				INFOPLIST_KEY_UIMainStoryboardFile = Main;
				INFOPLIST_KEY_UISupportedInterfaceOrientations_iPad = "UIInterfaceOrientationPortrait UIInterfaceOrientationPortraitUpsideDown UIInterfaceOrientationLandscapeLeft UIInterfaceOrientationLandscapeRight";
				INFOPLIST_KEY_UISupportedInterfaceOrientations_iPhone = "UIInterfaceOrientationPortrait UIInterfaceOrientationLandscapeLeft UIInterfaceOrientationLandscapeRight";
				LD_RUNPATH_SEARCH_PATHS = (
					"$(inherited)",
					"@executable_path/Frameworks",
				);
				MARKETING_VERSION = 1.0;
				PRODUCT_BUNDLE_IDENTIFIER = com.rammelbalagtas.MovieReviews;
				PRODUCT_NAME = "$(TARGET_NAME)";
				SWIFT_EMIT_LOC_STRINGS = YES;
				SWIFT_VERSION = 5.0;
				TARGETED_DEVICE_FAMILY = "1,2";
			};
			name = Release;
		};
/* End XCBuildConfiguration section */

/* Begin XCConfigurationList section */
		6E7BAB0427DA1FF4002AC206 /* Build configuration list for PBXProject "MovieReviews" */ = {
			isa = XCConfigurationList;
			buildConfigurations = (
				6E7BAB1B27DA1FF6002AC206 /* Debug */,
				6E7BAB1C27DA1FF6002AC206 /* Release */,
			);
			defaultConfigurationIsVisible = 0;
			defaultConfigurationName = Release;
		};
		6E7BAB1D27DA1FF6002AC206 /* Build configuration list for PBXNativeTarget "MovieReviews" */ = {
			isa = XCConfigurationList;
			buildConfigurations = (
				6E7BAB1E27DA1FF6002AC206 /* Debug */,
				6E7BAB1F27DA1FF6002AC206 /* Release */,
			);
			defaultConfigurationIsVisible = 0;
			defaultConfigurationName = Release;
		};
/* End XCConfigurationList section */

/* Begin XCVersionGroup section */
		6EADCE0427EA5D5B00D1D2F8 /* MovieReviews.xcdatamodeld */ = {
			isa = XCVersionGroup;
			children = (
				6EADCE0527EA5D5B00D1D2F8 /* MovieReviews.xcdatamodel */,
			);
			currentVersion = 6EADCE0527EA5D5B00D1D2F8 /* MovieReviews.xcdatamodel */;
			path = MovieReviews.xcdatamodeld;
			sourceTree = "<group>";
			versionGroupType = wrapper.xcdatamodel;
		};
/* End XCVersionGroup section */
	};
	rootObject = 6E7BAB0127DA1FF4002AC206 /* Project object */;
}
